# THIS IS AN AUTOGENERATED FILE. DO NOT EDIT THIS FILE DIRECTLY.
# yarn lockfile v1


"@babel/code-frame@^7.10.4":
  version "7.18.6"
  resolved "https://registry.npmmirror.com/@babel/code-frame/-/code-frame-7.18.6.tgz"
  integrity sha512-TDCmlK5eOvH+eH7cdAFlNXeVJqWIQ7gW9tY1GJIpUtFb6CmjVyq2VM3u71bOyR8CRihcCgMUYoDNyLXao3+70Q==
  dependencies:
    "@babel/highlight" "^7.18.6"

"@babel/helper-validator-identifier@^7.18.6":
  version "7.19.1"
  resolved "https://registry.npmmirror.com/@babel/helper-validator-identifier/-/helper-validator-identifier-7.19.1.tgz"
  integrity sha512-awrNfaMtnHUr653GgGEs++LlAvW6w+DcPrOliSMXWCKo597CwL5Acf/wWdNkf/tfEQE3mjkeD1YOVZOUV/od1w==

"@babel/highlight@^7.18.6":
  version "7.18.6"
  resolved "https://registry.npmmirror.com/@babel/highlight/-/highlight-7.18.6.tgz"
  integrity sha512-u7stbOuYjaPezCuLj29hNW1v64M2Md2qupEKP1fHc7WdOA3DgLh37suiSrZYY7haUB7iBeQZ9P1uiRF359do3g==
  dependencies:
    "@babel/helper-validator-identifier" "^7.18.6"
    chalk "^2.0.0"
    js-tokens "^4.0.0"

"@jridgewell/gen-mapping@^0.3.0":
  version "0.3.2"
  resolved "https://registry.npmmirror.com/@jridgewell/gen-mapping/-/gen-mapping-0.3.2.tgz"
  integrity sha512-mh65xKQAzI6iBcFzwv28KVWSmCkdRBWoOh+bYQGW3+6OZvbbN3TqMGo5hqYxQniRcH9F2VZIoJCm4pa3BPDK/A==
  dependencies:
    "@jridgewell/set-array" "^1.0.1"
    "@jridgewell/sourcemap-codec" "^1.4.10"
    "@jridgewell/trace-mapping" "^0.3.9"

"@jridgewell/resolve-uri@3.1.0":
  version "3.1.0"
  resolved "https://registry.npmmirror.com/@jridgewell/resolve-uri/-/resolve-uri-3.1.0.tgz"
  integrity sha512-F2msla3tad+Mfht5cJq7LSXcdudKTWCVYUgw6pLFOOHSTtZlj6SWNYAp+AhuqLmWdBO2X5hPrLcu8cVP8fy28w==

"@jridgewell/set-array@^1.0.1":
  version "1.1.2"
  resolved "https://registry.npmmirror.com/@jridgewell/set-array/-/set-array-1.1.2.tgz"
  integrity sha512-xnkseuNADM0gt2bs+BvhO0p78Mk762YnZdsuzFV018NoG1Sj1SCQvpSqa7XUaTam5vAGasABV9qXASMKnFMwMw==

"@jridgewell/source-map@^0.3.2":
  version "0.3.2"
  resolved "https://registry.npmmirror.com/@jridgewell/source-map/-/source-map-0.3.2.tgz"
  integrity sha512-m7O9o2uR8k2ObDysZYzdfhb08VuEml5oWGiosa1VdaPZ/A6QyPkAJuwN0Q1lhULOf6B7MtQmHENS743hWtCrgw==
  dependencies:
    "@jridgewell/gen-mapping" "^0.3.0"
    "@jridgewell/trace-mapping" "^0.3.9"

"@jridgewell/sourcemap-codec@^1.4.10", "@jridgewell/sourcemap-codec@^1.4.13", "@jridgewell/sourcemap-codec@1.4.14":
  version "1.4.14"
  resolved "https://registry.npmmirror.com/@jridgewell/sourcemap-codec/-/sourcemap-codec-1.4.14.tgz"
  integrity sha512-XPSJHWmi394fuUuzDnGz1wiKqWfo1yXecHQMRf2l6hztTO+nPru658AyDngaBe7isIxEkRsPR3FZh+s7iVa4Uw==

"@jridgewell/trace-mapping@^0.3.9":
  version "0.3.17"
  resolved "https://registry.npmmirror.com/@jridgewell/trace-mapping/-/trace-mapping-0.3.17.tgz"
  integrity sha512-MCNzAp77qzKca9+W/+I0+sEpaUnZoeasnghNeVc41VZCEKaCH73Vq3BZZ/SzWIgrqE4H4ceI+p+b6C0mHf9T4g==
  dependencies:
    "@jridgewell/resolve-uri" "3.1.0"
    "@jridgewell/sourcemap-codec" "1.4.14"

"@microsoft/dotnet-js-interop@6.0.11":
  version "6.0.11"
  resolved "https://registry.npmmirror.com/@microsoft/dotnet-js-interop/-/dotnet-js-interop-6.0.11.tgz"
  integrity sha512-twOLkAiPPsopaJcl9T5QVkABoKStIu1ef7ckE00z1/ZRBD+n+78xHsynq/dEUYIzsN/Z6HqXn5Lfv6mqCDfqmA==

"@rollup/plugin-commonjs@^23.0.2":
  version "23.0.7"
  resolved "https://registry.npmmirror.com/@rollup/plugin-commonjs/-/plugin-commonjs-23.0.7.tgz"
  integrity sha512-hsSD5Qzyuat/swzrExGG5l7EuIlPhwTsT7KwKbSCQzIcJWjRxiimi/0tyMYY2bByitNb3i1p+6JWEDGa0NvT0Q==
  dependencies:
    "@rollup/pluginutils" "^5.0.1"
    commondir "^1.0.1"
    estree-walker "^2.0.2"
    glob "^8.0.3"
    is-reference "1.2.1"
    magic-string "^0.27.0"

"@rollup/plugin-json@^5.0.1":
  version "5.0.2"
  resolved "https://registry.npmmirror.com/@rollup/plugin-json/-/plugin-json-5.0.2.tgz"
  integrity sha512-D1CoOT2wPvadWLhVcmpkDnesTzjhNIQRWLsc3fA49IFOP2Y84cFOOJ+nKGYedvXHKUsPeq07HR4hXpBBr+CHlA==
  dependencies:
    "@rollup/pluginutils" "^5.0.1"

"@rollup/plugin-node-resolve@^15.0.1":
  version "15.0.1"
  resolved "https://registry.npmmirror.com/@rollup/plugin-node-resolve/-/plugin-node-resolve-15.0.1.tgz"
  integrity sha512-ReY88T7JhJjeRVbfCyNj+NXAG3IIsVMsX9b5/9jC98dRP8/yxlZdz7mHZbHk5zHr24wZZICS5AcXsFZAXYUQEg==
  dependencies:
    "@rollup/pluginutils" "^5.0.1"
    "@types/resolve" "1.20.2"
    deepmerge "^4.2.2"
    is-builtin-module "^3.2.0"
    is-module "^1.0.0"
    resolve "^1.22.1"

"@rollup/plugin-replace@^5.0.1":
  version "5.0.2"
  resolved "https://registry.npmmirror.com/@rollup/plugin-replace/-/plugin-replace-5.0.2.tgz"
  integrity sha512-M9YXNekv/C/iHHK+cvORzfRYfPbq0RDD8r0G+bMiTXjNGKulPnCT9O3Ss46WfhI6ZOCgApOP7xAdmCQJ+U2LAA==
  dependencies:
    "@rollup/pluginutils" "^5.0.1"
    magic-string "^0.27.0"

"@rollup/plugin-typescript@^8.4.0":
  version "8.5.0"
  resolved "https://registry.npmmirror.com/@rollup/plugin-typescript/-/plugin-typescript-8.5.0.tgz"
  integrity sha512-wMv1/scv0m/rXx21wD2IsBbJFba8wGF3ErJIr6IKRfRj49S85Lszbxb4DCo8iILpluTjk2GAAu9CoZt4G3ppgQ==
  dependencies:
    "@rollup/pluginutils" "^3.1.0"
    resolve "^1.17.0"

"@rollup/pluginutils@^3.1.0":
  version "3.1.0"
  resolved "https://registry.npmmirror.com/@rollup/pluginutils/-/pluginutils-3.1.0.tgz"
  integrity sha512-GksZ6pr6TpIjHm8h9lSQ8pi8BE9VeubNT0OMJ3B5uZJ8pz73NPiqOtCog/x2/QzM1ENChPKxMDhiQuRHsqc+lg==
  dependencies:
    "@types/estree" "0.0.39"
    estree-walker "^1.0.1"
    picomatch "^2.2.2"

"@rollup/pluginutils@^5.0.1":
  version "5.0.2"
  resolved "https://registry.npmmirror.com/@rollup/pluginutils/-/pluginutils-5.0.2.tgz"
  integrity sha512-pTd9rIsP92h+B6wWwFbW8RkZv4hiR/xKsqre4SIuAOaOEQRxi0lqLke9k2/7WegC85GgUs9pjmOjCUi3In4vwA==
  dependencies:
    "@types/estree" "^1.0.0"
    estree-walker "^2.0.2"
    picomatch "^2.3.1"

"@types/blazor__javascript-interop@^3.1.4":
  version "3.1.7"
  resolved "https://registry.npmjs.org/@types/blazor__javascript-interop/-/blazor__javascript-interop-3.1.7.tgz"
  integrity sha512-yiY2xNr+J4wC6ISHrKK4ZiouLXokosmgyxmYiuiKyVC4GRv0ItAO5fdGGTbjCqUOQRB342ZEyFyG5mN8893+CA==

"@types/drawflow@^0.0.5":
  version "0.0.5"
  resolved "https://registry.npmjs.org/@types/drawflow/-/drawflow-0.0.5.tgz"
  integrity sha512-346oD6FCwpMsnWBi9Rv+N/Q2XEcNVOwFIdhgdyw6O9AtRzzNzBcKeb/X0pyRHlUDfh9F9vwvS5fIfDn7fjAujw==

"@types/echarts@^4.9.16":
  version "4.9.16"
  resolved "https://registry.npmmirror.com/@types/echarts/-/echarts-4.9.16.tgz"
  integrity sha512-bfiagfPw3dWauAIJ9fgoJQoL4hLWlGcltqwbE6LGye0NIY5xnbZau+mDmadCzGojic3MWuFDCUiO25kl4sRGeA==
  dependencies:
    "@types/zrender" "*"

"@types/estree@*", "@types/estree@^1.0.0":
  version "1.0.0"
  resolved "https://registry.npmmirror.com/@types/estree/-/estree-1.0.0.tgz"
  integrity sha512-WulqXMDUTYAXCjZnk6JtIHPigp55cVtDgDrO2gHRwhyJto21+1zbVCtOYB2L1F9w4qCQ0rOGWBnBe0FNTiEJIQ==

"@types/estree@0.0.39":
  version "0.0.39"
  resolved "https://registry.npmmirror.com/@types/estree/-/estree-0.0.39.tgz"
  integrity sha512-EYNwp3bU+98cpU4lAWYYL7Zz+2gryWH1qbdDTidVd6hkiR6weksdbMadyXKXNPEkQFhXM+hVO9ZygomHXp+AIw==

"@types/linkify-it@*":
  version "3.0.5"
  resolved "https://registry.npmjs.org/@types/linkify-it/-/linkify-it-3.0.5.tgz"
  integrity sha512-yg6E+u0/+Zjva+buc3EIb+29XEg4wltq7cSmd4Uc2EE/1nUVmxyzpX6gUXD0V8jIrG0r7YeOGVIbYRkxeooCtw==

"@types/markdown-it@*":
  version "13.0.7"
  resolved "https://registry.npmjs.org/@types/markdown-it/-/markdown-it-13.0.7.tgz"
  integrity sha512-U/CBi2YUUcTHBt5tjO2r5QV/x0Po6nsYwQU4Y04fBS6vfoImaiZ6f8bi3CjTCxBPQSO1LMyUqkByzi8AidyxfA==
  dependencies:
    "@types/linkify-it" "*"
    "@types/mdurl" "*"

"@types/mdurl@*":
  version "1.0.5"
  resolved "https://registry.npmjs.org/@types/mdurl/-/mdurl-1.0.5.tgz"
  integrity sha512-6L6VymKTzYSrEf4Nev4Xa1LCHKrlTlYCBMTlQKFuddo1CvQcE52I0mwfOJayueUC7MJuXOeHTcIU683lzd0cUA==

"@types/node@*", "@types/node@^18.7.14":
  version "18.15.3"
  resolved "https://registry.npmmirror.com/@types/node/-/node-18.15.3.tgz"
  integrity sha512-p6ua9zBxz5otCmbpb5D3U4B5Nanw6Pk3PPyX05xnxbB/fRv71N7CPmORg7uAD5P70T0xmx1pzAx/FUfa5X+3cw==

"@types/resolve@1.20.2":
  version "1.20.2"
  resolved "https://registry.npmmirror.com/@types/resolve/-/resolve-1.20.2.tgz"
  integrity sha512-60BCwRFOZCQhDncwQdxxeOEEkbc5dIMccYLwbxsS4TUNeVECQ/pBJ0j09mrHOl/JJvpRPGwO9SvE4nR2Nb/a4Q==

"@types/sortablejs@^1.15.8":
  version "1.15.8"
  resolved "https://registry.npmjs.org/@types/sortablejs/-/sortablejs-1.15.8.tgz"
  integrity sha512-b79830lW+RZfwaztgs1aVPgbasJ8e7AXtZYHTELNXZPsERt4ymJdjV4OccDbHQAvHrCcFpbF78jkm0R6h/pZVg==

"@types/zrender@*":
  version "4.0.3"
  resolved "https://registry.npmmirror.com/@types/zrender/-/zrender-4.0.3.tgz"
  integrity sha512-EPI269lkHNsObwILJ1k1z7znLjKyePuWRy/XKK0shSGpBb9cIX307arcwJV4+2NeZj5wEjN06r4D8yFv7sI06g==

acorn@^8.5.0:
  version "8.8.2"
  resolved "https://registry.npmmirror.com/acorn/-/acorn-8.8.2.tgz"
  integrity sha512-xjIYgE8HBrkpd/sJqOGNspf8uHG+NOHGOw6a/Urj8taM2EXfdNAH2oFcPeIFfsv3+kz/mJrS5VuMqbNLjCa2vw==

ansi-styles@^3.2.1:
  version "3.2.1"
  resolved "https://registry.npmmirror.com/ansi-styles/-/ansi-styles-3.2.1.tgz"
  integrity sha512-VT0ZI6kZRdTh8YyJw3SMbYm/u+NqfsAxEpWO0Pf9sq8/e94WxxOpPKx9FR1FlyCtOVDNOQ+8ntlqFxiRc+r5qA==
  dependencies:
    color-convert "^1.9.0"

argparse@^2.0.1:
  version "2.0.1"
  resolved "https://registry.npmmirror.com/argparse/-/argparse-2.0.1.tgz"
  integrity sha512-8+9WqebbFzpX9OR+Wa6O29asIogeRMzcGtAINdpMHHyAg10f05aSFVBbcEqGf/PXw1EjAZ+q2/bEBg3DvurK3Q==

balanced-match@^1.0.0:
  version "1.0.2"
  resolved "https://registry.npmmirror.com/balanced-match/-/balanced-match-1.0.2.tgz"
  integrity sha512-3oSeUO0TMV67hN1AmbXsK4yaqU7tjiHlbxRDZOpH0KW9+CeX4bRAaX0Anxt0tx2MrpRpWwQaPwIlISEJhYU5Pw==

brace-expansion@^2.0.1:
  version "2.0.1"
  resolved "https://registry.npmmirror.com/brace-expansion/-/brace-expansion-2.0.1.tgz"
  integrity sha512-XnAIvQ8eM+kC6aULx6wuQiwVsnzsi9d3WxzV3FpWTGA19F621kwdbsAcFKXgKUHZWsy+mY6iL1sHTxWEFCytDA==
  dependencies:
    balanced-match "^1.0.0"

buffer-from@^1.0.0:
  version "1.1.2"
  resolved "https://registry.npmmirror.com/buffer-from/-/buffer-from-1.1.2.tgz"
  integrity sha512-E+XQCRwSbaaiChtv6k6Dwgc+bx+Bs6vuKJHHl5kox/BaKbhiXzqQOwK4cO22yElGp2OCmjwVhT3HmxgyPGnJfQ==

builtin-modules@^3.3.0:
  version "3.3.0"
  resolved "https://registry.npmmirror.com/builtin-modules/-/builtin-modules-3.3.0.tgz"
  integrity sha512-zhaCDicdLuWN5UbN5IMnFqNMhNfo919sH85y2/ea+5Yg9TsTkeZxpL+JLbp6cgYFS4sRLp3YV4S6yDuqVWHYOw==

chalk@^2.0.0:
  version "2.4.2"
  resolved "https://registry.npmmirror.com/chalk/-/chalk-2.4.2.tgz"
  integrity sha512-Mti+f9lpJNcwF4tWV8/OrTTtF1gZi+f8FqlyAdouralcFWFQWF2+NgCHShjkCb+IFBLq9buZwE1xckQU4peSuQ==
  dependencies:
    ansi-styles "^3.2.1"
    escape-string-regexp "^1.0.5"
    supports-color "^5.3.0"

color-convert@^1.9.0:
  version "1.9.3"
  resolved "https://registry.npmmirror.com/color-convert/-/color-convert-1.9.3.tgz"
  integrity sha512-QfAUtd+vFdAtFQcC8CCyYt1fYWxSqAiK2cSD6zDB8N3cpsEBAvRxp9zOGg6G/SHHJYAT88/az/IuDGALsNVbGg==
  dependencies:
    color-name "1.1.3"

color-name@1.1.3:
  version "1.1.3"
  resolved "https://registry.npmmirror.com/color-name/-/color-name-1.1.3.tgz"
  integrity sha512-72fSenhMw2HZMTVHeCA9KCmpEIbzWiQsjN+BHcBbS9vr1mtt+vJjPdksIBNUmKAW8TFUDPJK5SUU3QhE9NEXDw==

commander@^2.20.0:
  version "2.20.3"
  resolved "https://registry.npmmirror.com/commander/-/commander-2.20.3.tgz"
  integrity sha512-GpVkmM8vF2vQUkj2LvZmD35JxeJOLCwJ9cUkugyk2nuhbv3+mJvpLYYt+0+USMxE+oj+ey/lJEnhZw75x/OMcQ==

commondir@^1.0.1:
  version "1.0.1"
  resolved "https://registry.npmmirror.com/commondir/-/commondir-1.0.1.tgz"
  integrity sha512-W9pAhw0ja1Edb5GVdIF1mjZw/ASI0AlShXM83UUGe2DVr5TdAPEA1OA8m/g8zWp9x6On7gqufY+FatDbC3MDQg==

core-js@>=3.12.1:
  version "3.36.1"
  resolved "https://registry.npmjs.org/core-js/-/core-js-3.36.1.tgz"
  integrity sha512-BTvUrwxVBezj5SZ3f10ImnX2oRByMxql3EimVqMysepbC9EeMUOpLwdy6Eoili2x6E4kf+ZUB5k/+Jv55alPfA==

d@^1.0.1, d@^1.0.2, d@1:
  version "1.0.2"
  resolved "https://registry.npmjs.org/d/-/d-1.0.2.tgz"
  integrity sha512-MOqHvMWF9/9MX6nza0KgvFH4HpMU0EF5uUDXqX/BtxtU8NfB0QzRtJ8Oe/6SuS4kbhyzVJwjd97EA4PKrzJ8bw==
  dependencies:
    es5-ext "^0.10.64"
    type "^2.7.2"

danmu.js@>=1.1.6:
  version "1.1.13"
  resolved "https://registry.npmjs.org/danmu.js/-/danmu.js-1.1.13.tgz"
  integrity sha512-knFd0/cB2HA4FFWiA7eB2suc5vCvoHdqio33FyyCSfP7C+1A+zQcTvnvwfxaZhrxsGj4qaQI2I8XiTqedRaVmg==
  dependencies:
    event-emitter "^0.3.5"

deepmerge@^2.0.1:
  version "2.2.1"
  resolved "https://registry.npmjs.org/deepmerge/-/deepmerge-2.2.1.tgz"
  integrity sha512-R9hc1Xa/NOBi9WRVUWg19rl1UB7Tt4kuPd+thNJgFZoxXsTz7ncaPaeIm+40oSGuP33DfMb4sZt1QIGiJzC4EA==

deepmerge@^4.2.2:
  version "4.3.0"
  resolved "https://registry.npmmirror.com/deepmerge/-/deepmerge-4.3.0.tgz"
  integrity sha512-z2wJZXrmeHdvYJp/Ux55wIjqo81G5Bp4c+oELTW+7ar6SogWHajt5a9gO3s3IDaGSAXjDk0vlQKN3rms8ab3og==

delegate@^3.2.0:
  version "3.2.0"
  resolved "https://registry.npmjs.org/delegate/-/delegate-3.2.0.tgz"
  integrity sha512-IofjkYBZaZivn0V8nnsMJGBr4jVLxHDheKSW88PyxS5QC4Vo9ZbZVvhzlSxY87fVq3STR6r+4cGepyHkcWOQSw==

downloadjs@1.4.7:
  version "1.4.7"
  resolved "https://registry.npmjs.org/downloadjs/-/downloadjs-1.4.7.tgz"
  integrity sha512-LN1gO7+u9xjU5oEScGFKvXhYf7Y/empUIIEAGBs1LzUq/rg5duiDrkuH5A2lQGd5jfMOb9X9usDa2oVXwJ0U/Q==

drawflow@^0.0.59:
  version "0.0.59"
  resolved "https://registry.npmjs.org/drawflow/-/drawflow-0.0.59.tgz"
  integrity sha512-HJM/8trYzignViTMzUSpskRclDhE62jM6oxjgqEJQBbkX9QvDG7JJwRlvdjqnjfL192Pdb0aIysrZMUqG8/vyg==

entities@~3.0.1:
  version "3.0.1"
  resolved "https://registry.npmmirror.com/entities/-/entities-3.0.1.tgz"
  integrity sha512-WiyBqoomrwMdFG1e0kqvASYfnlb0lp8M5o5Fw2OFq1hNZxxcNk8Ik0Xm7LxzBhuidnZB/UtBqVCgUz3kBOP51Q==

es5-ext@^0.10.35, es5-ext@^0.10.62, es5-ext@^0.10.64, es5-ext@~0.10.14:
  version "0.10.64"
  resolved "https://registry.npmjs.org/es5-ext/-/es5-ext-0.10.64.tgz"
  integrity sha512-p2snDhiLaXe6dahss1LddxqEm+SkuDvV8dnIQG0MWjyHpcMNfXKPE+/Cc0y+PhxJX3A4xGNeFCj5oc0BUh6deg==
  dependencies:
    es6-iterator "^2.0.3"
    es6-symbol "^3.1.3"
    esniff "^2.0.1"
    next-tick "^1.1.0"

es6-iterator@^2.0.3:
  version "2.0.3"
  resolved "https://registry.npmjs.org/es6-iterator/-/es6-iterator-2.0.3.tgz"
  integrity sha512-zw4SRzoUkd+cl+ZoE15A9o1oQd920Bb0iOJMQkQhl3jNc03YqVjAhG7scf9C5KWRU/R13Orf588uCC6525o02g==
  dependencies:
    d "1"
    es5-ext "^0.10.35"
    es6-symbol "^3.1.1"

es6-symbol@^3.1.1, es6-symbol@^3.1.3:
  version "3.1.4"
  resolved "https://registry.npmjs.org/es6-symbol/-/es6-symbol-3.1.4.tgz"
  integrity sha512-U9bFFjX8tFiATgtkJ1zg25+KviIXpgRvRHS8sau3GfhVzThRQrOeksPeT0BWW2MNZs1OEWJ1DPXOQMn0KKRkvg==
  dependencies:
    d "^1.0.2"
    ext "^1.7.0"

escape-string-regexp@^1.0.5:
  version "1.0.5"
  resolved "https://registry.npmmirror.com/escape-string-regexp/-/escape-string-regexp-1.0.5.tgz"
  integrity sha512-vbRorB5FUQWvla16U8R/qgaFIya2qGzwDrNmCZuYKrbdSUMG6I1ZCGQRefkRVhuOkIGVne7BQ35DSfo1qvJqFg==

esniff@^2.0.1:
  version "2.0.1"
  resolved "https://registry.npmjs.org/esniff/-/esniff-2.0.1.tgz"
  integrity sha512-kTUIGKQ/mDPFoJ0oVfcmyJn4iBDRptjNVIzwIFR7tqWXdVI9xfA2RMwY/gbSpJG3lkdWNEjLap/NqVHZiJsdfg==
  dependencies:
    d "^1.0.1"
    es5-ext "^0.10.62"
    event-emitter "^0.3.5"
    type "^2.7.2"

estree-walker@^1.0.1:
  version "1.0.1"
  resolved "https://registry.npmmirror.com/estree-walker/-/estree-walker-1.0.1.tgz"
  integrity sha512-1fMXF3YP4pZZVozF8j/ZLfvnR8NSIljt56UhbZ5PeeDmmGHpgpdwQt7ITlGvYaQukCvuBRMLEiKiYC+oeIg4cg==

estree-walker@^2.0.2:
  version "2.0.2"
  resolved "https://registry.npmmirror.com/estree-walker/-/estree-walker-2.0.2.tgz"
  integrity sha512-Rfkk/Mp/DL7JVje3u18FxFujQlTNR2q6QfMSMB7AvCBx91NGj/ba3kCfza0f6dVDbw7YlRf/nDrn7pQrCCyQ/w==

event-emitter@^0.3.5:
  version "0.3.5"
  resolved "https://registry.npmjs.org/event-emitter/-/event-emitter-0.3.5.tgz"
  integrity sha512-D9rRn9y7kLPnJ+hMq7S/nhvoKwwvVJahBi2BPmx3bvbsEdK3W9ii8cBSGjP+72/LnM4n6fo3+dkCX5FeTQruXA==
  dependencies:
    d "1"
    es5-ext "~0.10.14"

eventemitter3@^4.0.7:
  version "4.0.7"
  resolved "https://registry.npmjs.org/eventemitter3/-/eventemitter3-4.0.7.tgz"
  integrity sha512-8guHBZCwKnFhYdHr2ysuRWErTwhoN2X8XELRlrRwpmfeY2jjuUN4taQMsULKUVo1K4DvZl+0pgfyoysHxvmvEw==

ext@^1.7.0:
  version "1.7.0"
  resolved "https://registry.npmjs.org/ext/-/ext-1.7.0.tgz"
  integrity sha512-6hxeJYaL110a9b5TEJSj0gojyHQAmA2ch5Os+ySCiA1QGdS697XWY1pzsrSjqA9LDEEgdB/KypIlR59RcLuHYw==
  dependencies:
    type "^2.7.2"

fs.realpath@^1.0.0:
  version "1.0.0"
  resolved "https://registry.npmmirror.com/fs.realpath/-/fs.realpath-1.0.0.tgz"
  integrity sha512-OO0pH2lK6a0hZnAdau5ItzHPI6pUlvI7jMVnxUQRtw4owF2wk8lOSabtGDCTP4Ggrg2MbGnWO9X8K1t4+fGMDw==

function-bind@^1.1.1:
  version "1.1.1"
  resolved "https://registry.npmmirror.com/function-bind/-/function-bind-1.1.1.tgz"
  integrity sha512-yIovAzMX49sF8Yl58fSCWJ5svSLuaibPxXQJFLmBObTuCr0Mf1KiPopGM9NiFjiYBCbfaa2Fh6breQ6ANVTI0A==

glob@^8.0.3:
  version "8.1.0"
  resolved "https://registry.npmmirror.com/glob/-/glob-8.1.0.tgz"
  integrity sha512-r8hpEjiQEYlF2QU0df3dS+nxxSIreXQS1qRhMJM0Q5NDdR386C7jb7Hwwod8Fgiuex+k0GFjgft18yvxm5XoCQ==
  dependencies:
    fs.realpath "^1.0.0"
    inflight "^1.0.4"
    inherits "2"
    minimatch "^5.0.1"
    once "^1.3.0"

gridstack@^7.2.1:
  version "7.2.3"
  resolved "https://registry.npmmirror.com/gridstack/-/gridstack-7.2.3.tgz"
  integrity sha512-1s4Fx+Hr4nKl064q/ygrd41XiZaC2gG6R+yz5nbOibP9vODJ6mOtjIM5x8qKN12FknakaMpVBnCa1T6V7H15hQ==

has-flag@^3.0.0:
  version "3.0.0"
  resolved "https://registry.npmmirror.com/has-flag/-/has-flag-3.0.0.tgz"
  integrity sha512-sKJf1+ceQBr4SMkvQnBDNDtf4TXpVhVGateu0t918bl30FnbE2m4vNLX+VWe/dpjlb+HugGYzW7uQXH98HPEYw==

has-flag@^4.0.0:
  version "4.0.0"
  resolved "https://registry.npmmirror.com/has-flag/-/has-flag-4.0.0.tgz"
  integrity sha512-EykJT/Q1KjTWctppgIAgfSO0tKVuZUjhgMr17kqTumMl6Afv3EISleU7qZUzoXDFTAHTDC4NOoG/ZxU3EvlMPQ==

has@^1.0.3:
  version "1.0.3"
  resolved "https://registry.npmmirror.com/has/-/has-1.0.3.tgz"
  integrity sha512-f2dvO0VU6Oej7RkWJGrehjbzMAjFp5/VKPp5tTpWIV4JHHZK1/BxbFRtf/siA2SWTe09caDmVtYYzWEIbBS4zw==
  dependencies:
    function-bind "^1.1.1"

inflight@^1.0.4:
  version "1.0.6"
  resolved "https://registry.npmmirror.com/inflight/-/inflight-1.0.6.tgz"
  integrity sha512-k92I/b08q4wvFscXCLvqfsHCrjrF7yiXsQuIVvVE7N82W3+aqpzuUdBbfhWcy/FZR3/4IgflMgKLOsvPDrGCJA==
  dependencies:
    once "^1.3.0"
    wrappy "1"

inherits@2:
  version "2.0.4"
  resolved "https://registry.npmmirror.com/inherits/-/inherits-2.0.4.tgz"
  integrity sha512-k/vGaX4/Yla3WzyMCvTQOXYeIHvqOKtnqBduzTHpzpQZzAskKMhZ2K+EnBiSM9zGSoIFeMpXKxa4dYeZIQqewQ==

is-builtin-module@^3.2.0:
  version "3.2.1"
  resolved "https://registry.npmmirror.com/is-builtin-module/-/is-builtin-module-3.2.1.tgz"
  integrity sha512-BSLE3HnV2syZ0FK0iMA/yUGplUeMmNz4AW5fnTunbCIqZi4vG3WjJT9FHMy5D69xmAYBHXQhJdALdpwVxV501A==
  dependencies:
    builtin-modules "^3.3.0"

is-core-module@^2.9.0:
  version "2.11.0"
  resolved "https://registry.npmmirror.com/is-core-module/-/is-core-module-2.11.0.tgz"
  integrity sha512-RRjxlvLDkD1YJwDbroBHMb+cukurkDWNyHx7D3oNB5x9rb5ogcksMC5wHCadcXoo67gVr/+3GFySh3134zi6rw==
  dependencies:
    has "^1.0.3"

is-module@^1.0.0:
  version "1.0.0"
  resolved "https://registry.npmmirror.com/is-module/-/is-module-1.0.0.tgz"
  integrity sha512-51ypPSPCoTEIN9dy5Oy+h4pShgJmPCygKfyRCISBI+JoWT/2oJvK8QPxmwv7b/p239jXrm9M1mlQbyKJ5A152g==

is-reference@1.2.1:
  version "1.2.1"
  resolved "https://registry.npmmirror.com/is-reference/-/is-reference-1.2.1.tgz"
  integrity sha512-U82MsXXiFIrjCK4otLT+o2NA2Cd2g5MLoOVXUZjIOhLurrRxpEXzI8O0KZHr3IjLvlAH1kTPYSuqer5T9ZVBKQ==
  dependencies:
    "@types/estree" "*"

jest-worker@^26.2.1:
  version "26.6.2"
  resolved "https://registry.npmmirror.com/jest-worker/-/jest-worker-26.6.2.tgz"
  integrity sha512-KWYVV1c4i+jbMpaBC+U++4Va0cp8OisU185o73T1vo99hqi7w8tSJfUXYswwqqrjzwxa6KpRK54WhPvwf5w6PQ==
  dependencies:
    "@types/node" "*"
    merge-stream "^2.0.0"
    supports-color "^7.0.0"

js-tokens@^4.0.0:
  version "4.0.0"
  resolved "https://registry.npmmirror.com/js-tokens/-/js-tokens-4.0.0.tgz"
  integrity sha512-RdJUflcE3cUzKiMqQgsCu06FPu9UdIJO0beYbPhHN4k6apgJtifcoCtT9bcxOpYBtpD2kCM6Sbzg4CausW/PKQ==

just-debounce-it@^3.2.0:
  version "3.2.0"
  resolved "https://registry.npmjs.org/just-debounce-it/-/just-debounce-it-3.2.0.tgz"
  integrity sha512-WXzwLL0745uNuedrCsCs3rpmfD6DBaf7uuVwaq98/8dafURfgQaBsSpjiPp5+CW6Vjltwy9cOGI6qE71b3T8iQ==

just-throttle@^4.2.0:
  version "4.2.0"
  resolved "https://registry.npmjs.org/just-throttle/-/just-throttle-4.2.0.tgz"
  integrity sha512-/iAZv1953JcExpvsywaPKjSzfTiCLqeguUTE6+VmK15mOcwxBx7/FHrVvS4WEErMR03TRazH8kcBSHqMagYIYg==

linkify-it@^4.0.1:
  version "4.0.1"
  resolved "https://registry.npmmirror.com/linkify-it/-/linkify-it-4.0.1.tgz"
  integrity sha512-C7bfi1UZmoj8+PQx22XyeXCuBlokoyWQL5pWSP+EI6nzRylyThouddufc2c1NDIcP9k5agmN9fLpA7VNJfIiqw==
  dependencies:
    uc.micro "^1.0.1"

magic-string@^0.27.0:
  version "0.27.0"
  resolved "https://registry.npmmirror.com/magic-string/-/magic-string-0.27.0.tgz"
  integrity sha512-8UnnX2PeRAPZuN12svgR9j7M1uWMovg/CEnIwIG0LFkXSJJe4PdfUGiTGl8V9bsBHFUtfVINcSyYxd7q+kx9fA==
  dependencies:
    "@jridgewell/sourcemap-codec" "^1.4.13"

markdown-it-anchor@^8.6.5:
  version "8.6.7"
  resolved "https://registry.npmmirror.com/markdown-it-anchor/-/markdown-it-anchor-8.6.7.tgz"
  integrity sha512-FlCHFwNnutLgVTflOYHPW2pPcl2AACqVzExlkGQNsi4CJgqOHN7YTgDd4LuhgN1BFO3TS0vLAruV1Td6dwWPJA==

markdown-it-attrs@^4.1.4:
  version "4.1.6"
  resolved "https://registry.npmmirror.com/markdown-it-attrs/-/markdown-it-attrs-4.1.6.tgz"
  integrity sha512-O7PDKZlN8RFMyDX13JnctQompwrrILuz2y43pW2GagcwpIIElkAdfeek+erHfxUOlXWPsjFeWmZ8ch1xtRLWpA==

markdown-it-container@^3.0.0:
  version "3.0.0"
  resolved "https://registry.npmmirror.com/markdown-it-container/-/markdown-it-container-3.0.0.tgz"
  integrity sha512-y6oKTq4BB9OQuY/KLfk/O3ysFhB3IMYoIWhGJEidXt1NQFocFK2sA2t0NYZAMyMShAGL6x5OPIbrmXPIqaN9rw==

markdown-it-front-matter@^0.2.3:
  version "0.2.3"
  resolved "https://registry.npmmirror.com/markdown-it-front-matter/-/markdown-it-front-matter-0.2.3.tgz"
  integrity sha512-s9+rcClLmZsZc3YL8Awjg/YO/VdphlE20LJ9Bx5a8RAFLI5a1vq6Mll8kOzG6w/wy8yhFLBupaa6Mfd60GATkA==

markdown-it-header-sections@^1.0.0:
  version "1.0.0"
  resolved "https://registry.npmmirror.com/markdown-it-header-sections/-/markdown-it-header-sections-1.0.0.tgz"
  integrity sha512-GndZbs+iTo7NkNRf00VmT4mtFql7VoJNnSwB7hP5xkomGUTdQ78siVZIuRco4fbiWJd45JUemLxUS9vO8luPSA==

markdown-it-todo@^1.0.5:
  version "1.0.5"
  resolved "https://registry.npmjs.org/markdown-it-todo/-/markdown-it-todo-1.0.5.tgz"
  integrity sha512-bHfAbwSGSYdi/iG7G5XLyalU4xwZIlZMsd3xf25FGbLkramaia0oydpXJP8HJzJbLCnbM1kdko/zqZJBS9pYrw==

markdown-it@*, markdown-it@^13.0.1, "markdown-it@>= 9.0.0":
  version "13.0.1"
  resolved "https://registry.npmmirror.com/markdown-it/-/markdown-it-13.0.1.tgz"
  integrity sha512-lTlxriVoy2criHP0JKRhO2VDG9c2ypWCsT237eDiLqi09rmbKoUetyGHq2uOIRoRS//kfoJckS0eUzzkDR+k2Q==
  dependencies:
    argparse "^2.0.1"
    entities "~3.0.1"
    linkify-it "^4.0.1"
    mdurl "^1.0.1"
    uc.micro "^1.0.5"

mdurl@^1.0.1:
  version "1.0.1"
  resolved "https://registry.npmmirror.com/mdurl/-/mdurl-1.0.1.tgz"
  integrity sha512-/sKlQJCBYVY9Ers9hqzKou4H6V5UWc/M59TH2dvkt+84itfnq7uFOMLpOiOS4ujvHP4etln18fmIxA5R5fll0g==

merge-stream@^2.0.0:
  version "2.0.0"
  resolved "https://registry.npmmirror.com/merge-stream/-/merge-stream-2.0.0.tgz"
  integrity sha512-abv/qOcuPfk3URPfDzmZU1LKmuw8kT+0nIHvKrKgFrwifol/doWcdA4ZqsWQ8ENrFKkd67Mfpo/LovbIUsbt3w==

minimatch@^5.0.1:
  version "5.1.6"
  resolved "https://registry.npmmirror.com/minimatch/-/minimatch-5.1.6.tgz"
  integrity sha512-lKwV/1brpG6mBUFHtb7NUmtABCb2WZZmm2wNiOA5hAb8VdCS4B3dtMWyvcoViccwAW/COERjXLt0zP1zXUN26g==
  dependencies:
    brace-expansion "^2.0.1"

monaco-editor@^0.36.1:
  version "0.36.1"
  resolved "https://registry.npmmirror.com/monaco-editor/-/monaco-editor-0.36.1.tgz"
  integrity sha512-/CaclMHKQ3A6rnzBzOADfwdSJ25BFoFT0Emxsc4zYVyav5SkK9iA6lEtIeuN/oRYbwPgviJT+t3l+sjFa28jYg==

next-tick@^1.1.0:
  version "1.1.0"
  resolved "https://registry.npmjs.org/next-tick/-/next-tick-1.1.0.tgz"
  integrity sha512-CXdUiJembsNjuToQvxayPZF9Vqht7hewsvy2sOWafLvi2awflj9mOC6bHIg50orX8IJvWKY9wYQ/zB2kogPslQ==

once@^1.3.0:
  version "1.4.0"
  resolved "https://registry.npmmirror.com/once/-/once-1.4.0.tgz"
  integrity sha512-lNaJgI+2Q5URQBkccEKHTQOPaXdUxnZZElQTZY0MFUAuaEqe1E+Nyvgdz/aIyNi6Z9MzO5dv1H8n58/GELp3+w==
  dependencies:
    wrappy "1"

path-parse@^1.0.7:
  version "1.0.7"
  resolved "https://registry.npmmirror.com/path-parse/-/path-parse-1.0.7.tgz"
  integrity sha512-LDJzPVEEEPR+y48z93A0Ed0yXb8pAByGWo/k5YYdYgpY2/2EsOsksJrq7lOHxryrVOn1ejG6oAp8ahvOIQD8sw==

picomatch@^2.2.2, picomatch@^2.3.1:
  version "2.3.1"
  resolved "https://registry.npmmirror.com/picomatch/-/picomatch-2.3.1.tgz"
  integrity sha512-JU3teHTNjmE2VCGFzuY8EXzCDVwEqB2a8fsIvwaStHhAWJEeVd1o1QD80CU6+ZdEXXSLbSsuLwJjkCBWqRQUVA==

punycode@^2.1.1:
  version "2.3.0"
  resolved "https://registry.npmmirror.com/punycode/-/punycode-2.3.0.tgz"
  integrity sha512-rRV+zQD8tVFys26lAGR9WUuS4iUAngJScM+ZRSKtvl5tKeZ2t5bvdNFdNHBW9FWR4guGHlgmsZ1G7BSm2wTbuA==

randombytes@^2.1.0:
  version "2.1.0"
  resolved "https://registry.npmmirror.com/randombytes/-/randombytes-2.1.0.tgz"
  integrity sha512-vYl3iOX+4CKUWuxGi9Ukhie6fsqXqS9FE2Zaic4tNFD2N2QQaXOMFbuKK4QmDHC0JO6B1Zp41J0LpT0oR68amQ==
  dependencies:
    safe-buffer "^5.1.0"

resolve@^1.17.0, resolve@^1.22.1:
  version "1.22.1"
  resolved "https://registry.npmmirror.com/resolve/-/resolve-1.22.1.tgz"
  integrity sha512-nBpuuYuY5jFsli/JIs1oldw6fOQCBioohqWZg/2hiaOybXOft4lonv85uDOKXdf8rhyK159cxU5cDcK/NKk8zw==
  dependencies:
    is-core-module "^2.9.0"
    path-parse "^1.0.7"
    supports-preserve-symlinks-flag "^1.0.0"

rollup-plugin-terser@^7.0.2:
  version "7.0.2"
  resolved "https://registry.npmmirror.com/rollup-plugin-terser/-/rollup-plugin-terser-7.0.2.tgz"
  integrity sha512-w3iIaU4OxcF52UUXiZNsNeuXIMDvFrr+ZXK6bFZ0Q60qyVfq4uLptoS4bbq3paG3x216eQllFZX7zt6TIImguQ==
  dependencies:
    "@babel/code-frame" "^7.10.4"
    jest-worker "^26.2.1"
    serialize-javascript "^4.0.0"
    terser "^5.0.0"

rollup@^1.20.0||^2.0.0, rollup@^1.20.0||^2.0.0||^3.0.0, rollup@^2.0.0, rollup@^2.14.0, rollup@^2.68.0||^3.0.0, rollup@^2.78.0||^3.0.0, rollup@^2.79.1:
  version "2.79.1"
  resolved "https://registry.npmmirror.com/rollup/-/rollup-2.79.1.tgz"
  integrity sha512-uKxbd0IhMZOhjAiD5oAFp7BqvkA4Dv47qpOCtaNvng4HBwdbWtdOh8f5nZNuk2rp51PMGk3bzfWu5oayNEuYnw==
  optionalDependencies:
    fsevents "~2.3.2"

safe-buffer@^5.1.0:
  version "5.2.1"
  resolved "https://registry.npmmirror.com/safe-buffer/-/safe-buffer-5.2.1.tgz"
  integrity sha512-rp3So07KcdmmKbGvgaNxQSJr7bGVSVk5S9Eq1F+ppbRo70+YeaDxkw5Dd8NPN+GD6bjnYm2VuPuCXmpuYvmCXQ==

serialize-javascript@^4.0.0:
  version "4.0.0"
  resolved "https://registry.npmmirror.com/serialize-javascript/-/serialize-javascript-4.0.0.tgz"
  integrity sha512-GaNA54380uFefWghODBWEGisLZFj00nS5ACs6yHa9nLqlLpVLO8ChDGeKRjZnV4Nh4n0Qi7nhYZD/9fCPzEqkw==
  dependencies:
    randombytes "^2.1.0"

sortablejs@^1.15.2:
  version "1.15.2"
  resolved "https://registry.npmjs.org/sortablejs/-/sortablejs-1.15.2.tgz"
  integrity sha512-FJF5jgdfvoKn1MAKSdGs33bIqLi3LmsgVTliuX6iITj834F+JRQZN90Z93yql8h0K2t0RwDPBmxwlbZfDcxNZA==

source-map-support@~0.5.20:
  version "0.5.21"
  resolved "https://registry.npmmirror.com/source-map-support/-/source-map-support-0.5.21.tgz"
  integrity sha512-uBHU3L3czsIyYXKX88fdrGovxdSCoTGDRZ6SYXtSRxLZUzHg5P/66Ht6uoUlHu9EZod+inXhKo3qQgwXUT/y1w==
  dependencies:
    buffer-from "^1.0.0"
    source-map "^0.6.0"

source-map@^0.6.0:
  version "0.6.1"
  resolved "https://registry.npmmirror.com/source-map/-/source-map-0.6.1.tgz"
  integrity sha512-UjgapumWlbMhkBgzT7Ykc5YXUT46F0iKu8SGXq0bcwP5dz/h0Plj6enJqjz1Zbq2l5WaqYnrVbwWOWMyF3F47g==

supports-color@^5.3.0:
  version "5.5.0"
  resolved "https://registry.npmmirror.com/supports-color/-/supports-color-5.5.0.tgz"
  integrity sha512-QjVjwdXIt408MIiAqCX4oUKsgU2EqAGzs2Ppkm4aQYbjm+ZEWEcW4SfFNTr4uMNZma0ey4f5lgLrkB0aX0QMow==
  dependencies:
    has-flag "^3.0.0"

supports-color@^7.0.0:
  version "7.2.0"
  resolved "https://registry.npmmirror.com/supports-color/-/supports-color-7.2.0.tgz"
  integrity sha512-qpCAvRl9stuOHveKsn7HncJRvv501qIacKzQlO/+Lwxc9+0q2wLyv4Dfvt80/DPn2pqOBsJdDiogXGR9+OvwRw==
  dependencies:
    has-flag "^4.0.0"

supports-preserve-symlinks-flag@^1.0.0:
  version "1.0.0"
  resolved "https://registry.npmmirror.com/supports-preserve-symlinks-flag/-/supports-preserve-symlinks-flag-1.0.0.tgz"
  integrity sha512-ot0WnXS9fgdkgIcePe6RHNk1WA8+muPa6cSjeR3V8K27q9BB1rTE3R1p7Hv0z1ZyAc8s6Vvv8DIyWf681MAt0w==

swiper@^10.2.0:
  version "10.3.1"
  resolved "https://registry.npmjs.org/swiper/-/swiper-10.3.1.tgz"
  integrity sha512-24Wk3YUdZHxjc9faID97GTu6xnLNia+adMt6qMTZG/HgdSUt4fS0REsGUXJOgpTED0Amh/j+gRGQxsLayJUlBQ==

terser@^5.0.0:
  version "5.16.6"
  resolved "https://registry.npmmirror.com/terser/-/terser-5.16.6.tgz"
  integrity sha512-IBZ+ZQIA9sMaXmRZCUMDjNH0D5AQQfdn4WUjHL0+1lF4TP1IHRJbrhb6fNaXWikrYQTSkb7SLxkeXAiy1p7mbg==
  dependencies:
    "@jridgewell/source-map" "^0.3.2"
    acorn "^8.5.0"
    commander "^2.20.0"
    source-map-support "~0.5.20"

tslib@*, tslib@^2.4.0:
  version "2.5.0"
  resolved "https://registry.npmmirror.com/tslib/-/tslib-2.5.0.tgz"
  integrity sha512-336iVw3rtn2BUK7ORdIAHTyxHGRIHVReokCR3XjbckJMK7ms8FysBfhLR8IXnAgy7T0PTPNBWKiH514FOW/WSg==

type@^2.7.2:
  version "2.7.2"
  resolved "https://registry.npmjs.org/type/-/type-2.7.2.tgz"
  integrity sha512-dzlvlNlt6AXU7EBSfpAscydQ7gXB+pPGsPnfJnZpiNJBDj7IaJzQlBZYGdEi4R9HmPdBv2XmWJ6YUtoTa7lmCw==

typescript@^4.8.2, typescript@>=3.7.0:
  version "4.9.5"
  resolved "https://registry.npmmirror.com/typescript/-/typescript-4.9.5.tgz"
  integrity sha512-1FXk9E2Hm+QzZQ7z+McJiHL4NW1F2EzMu9Nq9i3zAaGqibafqYwCVU6WyWAuyQRRzOlxou8xZSyXLEN8oKj24g==

uc.micro@^1.0.1, uc.micro@^1.0.5:
  version "1.0.6"
  resolved "https://registry.npmmirror.com/uc.micro/-/uc.micro-1.0.6.tgz"
  integrity sha512-8Y75pvTYkLJW2hWQHXxoqRgV7qb9B+9vFEtidML+7koHUFapnVJAZ6cKs+Qjz5Aw3aZWHMC6u0wJE3At+nSGwA==

wrappy@1:
  version "1.0.2"
  resolved "https://registry.npmmirror.com/wrappy/-/wrappy-1.0.2.tgz"
  integrity sha512-l4Sp/DRseor9wL6EvV2+TuQn63dMkPjZ/sp9XkghTEbV9KlPS1xUsZ3u7/IQO4wxtcFB4bgpQPRcR3QCvezPcQ==

xgplayer-music@^3.0.10:
  version "3.0.14"
  resolved "https://registry.npmjs.org/xgplayer-music/-/xgplayer-music-3.0.14.tgz"
  integrity sha512-45EzOY2hBJ3C1EkWGKsSCm7shvzqZOQBs/7tpJTbTfGVz2hJrEuyAgsoS89TV/8VrkCTybFfY5CIWZH6A2H4zg==
  dependencies:
    deepmerge "^2.0.1"
    eventemitter3 "^4.0.7"

xgplayer-subtitles@3.0.14:
  version "3.0.14"
  resolved "https://registry.npmjs.org/xgplayer-subtitles/-/xgplayer-subtitles-3.0.14.tgz"
  integrity sha512-w6H1h+g3kOI477kv2QBRMZe3M/1dHLXttHBwq4LwKTPGVQ19fLIDGwkfn+HeKwe1ocGDaaq96bS+l+BadnP9TA==
  dependencies:
    eventemitter3 "^4.0.7"

xgplayer@^3.0.10, xgplayer@3.0.14:
  version "3.0.14"
  resolved "https://registry.npmjs.org/xgplayer/-/xgplayer-3.0.14.tgz"
  integrity sha512-TPS77hUIcM1zVx6FSpGG+OzfMwjwxxWihd+YxVx82DQ22QK60v8TXWSZlWISbmS1+fAlFneesvXDjwy60tC37w==
  dependencies:
    danmu.js ">=1.1.6"
    delegate "^3.2.0"
    downloadjs "1.4.7"
    eventemitter3 "^4.0.7"
    xgplayer-subtitles "3.0.14"
