# THIS IS AN AUTOGENERATED FILE. DO NOT EDIT THIS FILE DIRECTLY.
# yarn lockfile v1


"@babel/code-frame@^7.10.4":
  "integrity" "sha512-TDCmlK5eOvH+eH7cdAFlNXeVJqWIQ7gW9tY1GJIpUtFb6CmjVyq2VM3u71bOyR8CRihcCgMUYoDNyLXao3+70Q=="
  "resolved" "https://registry.npmmirror.com/@babel/code-frame/-/code-frame-7.18.6.tgz"
  "version" "7.18.6"
  dependencies:
    "@babel/highlight" "^7.18.6"

"@babel/helper-validator-identifier@^7.18.6":
  "integrity" "sha512-MmetCkz9ej86nJQV+sFCxoGGrUbU3q02kgLciwkrt9QqEB7cP39oKEY0PakknEO0Gu20SskMRi+AYZ3b1TpN9g=="
  "resolved" "https://registry.npmmirror.com/@babel/helper-validator-identifier/-/helper-validator-identifier-7.18.6.tgz"
  "version" "7.18.6"

"@babel/highlight@^7.18.6":
  "integrity" "sha512-u7stbOuYjaPezCuLj29hNW1v64M2Md2qupEKP1fHc7WdOA3DgLh37suiSrZYY7haUB7iBeQZ9P1uiRF359do3g=="
  "resolved" "https://registry.npmmirror.com/@babel/highlight/-/highlight-7.18.6.tgz"
  "version" "7.18.6"
  dependencies:
    "@babel/helper-validator-identifier" "^7.18.6"
    "chalk" "^2.0.0"
    "js-tokens" "^4.0.0"

"@jridgewell/gen-mapping@^0.3.0":
  "integrity" "sha512-mh65xKQAzI6iBcFzwv28KVWSmCkdRBWoOh+bYQGW3+6OZvbbN3TqMGo5hqYxQniRcH9F2VZIoJCm4pa3BPDK/A=="
  "resolved" "https://registry.npmmirror.com/@jridgewell/gen-mapping/-/gen-mapping-0.3.2.tgz"
  "version" "0.3.2"
  dependencies:
    "@jridgewell/set-array" "^1.0.1"
    "@jridgewell/sourcemap-codec" "^1.4.10"
    "@jridgewell/trace-mapping" "^0.3.9"

"@jridgewell/resolve-uri@^3.0.3":
  "integrity" "sha512-F2msla3tad+Mfht5cJq7LSXcdudKTWCVYUgw6pLFOOHSTtZlj6SWNYAp+AhuqLmWdBO2X5hPrLcu8cVP8fy28w=="
  "resolved" "https://registry.npmmirror.com/@jridgewell/resolve-uri/-/resolve-uri-3.1.0.tgz"
  "version" "3.1.0"

"@jridgewell/set-array@^1.0.1":
  "integrity" "sha512-xnkseuNADM0gt2bs+BvhO0p78Mk762YnZdsuzFV018NoG1Sj1SCQvpSqa7XUaTam5vAGasABV9qXASMKnFMwMw=="
  "resolved" "https://registry.npmmirror.com/@jridgewell/set-array/-/set-array-1.1.2.tgz"
  "version" "1.1.2"

"@jridgewell/source-map@^0.3.2":
  "integrity" "sha512-m7O9o2uR8k2ObDysZYzdfhb08VuEml5oWGiosa1VdaPZ/A6QyPkAJuwN0Q1lhULOf6B7MtQmHENS743hWtCrgw=="
  "resolved" "https://registry.npmmirror.com/@jridgewell/source-map/-/source-map-0.3.2.tgz"
  "version" "0.3.2"
  dependencies:
    "@jridgewell/gen-mapping" "^0.3.0"
    "@jridgewell/trace-mapping" "^0.3.9"

"@jridgewell/sourcemap-codec@^1.4.10":
  "integrity" "sha512-XPSJHWmi394fuUuzDnGz1wiKqWfo1yXecHQMRf2l6hztTO+nPru658AyDngaBe7isIxEkRsPR3FZh+s7iVa4Uw=="
  "resolved" "https://registry.npmmirror.com/@jridgewell/sourcemap-codec/-/sourcemap-codec-1.4.14.tgz"
  "version" "1.4.14"

"@jridgewell/trace-mapping@^0.3.9":
  "integrity" "sha512-oWZNOULl+UbhsgB51uuZzglikfIKSUBO/M9W2OfEjn7cmqoAiCgmv9lyACTUacZwBz0ITnJ2NqjU8Tx0DHL88g=="
  "resolved" "https://registry.npmmirror.com/@jridgewell/trace-mapping/-/trace-mapping-0.3.15.tgz"
  "version" "0.3.15"
  dependencies:
    "@jridgewell/resolve-uri" "^3.0.3"
    "@jridgewell/sourcemap-codec" "^1.4.10"

"@microsoft/dotnet-js-interop@6.0.11":
  "integrity" "sha512-twOLkAiPPsopaJcl9T5QVkABoKStIu1ef7ckE00z1/ZRBD+n+78xHsynq/dEUYIzsN/Z6HqXn5Lfv6mqCDfqmA=="
  "resolved" "https://registry.npmmirror.com/@microsoft/dotnet-js-interop/-/dotnet-js-interop-6.0.11.tgz"
  "version" "6.0.11"

"@rollup/plugin-commonjs@^23.0.2":
  "integrity" "sha512-e9ThuiRf93YlVxc4qNIurvv+Hp9dnD+4PjOqQs5vAYfcZ3+AXSrcdzXnVjWxcGQOa6KGJFcRZyUI3ktWLavFjg=="
  "resolved" "https://registry.npmmirror.com/@rollup/plugin-commonjs/-/plugin-commonjs-23.0.2.tgz"
  "version" "23.0.2"
  dependencies:
    "@rollup/pluginutils" "^5.0.1"
    "commondir" "^1.0.1"
    "estree-walker" "^2.0.2"
    "glob" "^8.0.3"
    "is-reference" "1.2.1"
    "magic-string" "^0.26.4"

"@rollup/plugin-json@^5.0.1":
  "integrity" "sha512-QCwhZZLvM8nRcTHyR1vOgyTMiAnjiNj1ebD/BMRvbO1oc/z14lZH6PfxXeegee2B6mky/u9fia4fxRM4TqrUaw=="
  "resolved" "https://registry.npmmirror.com/@rollup/plugin-json/-/plugin-json-5.0.1.tgz"
  "version" "5.0.1"
  dependencies:
    "@rollup/pluginutils" "^5.0.1"

"@rollup/plugin-node-resolve@^15.0.1":
  "integrity" "sha512-ReY88T7JhJjeRVbfCyNj+NXAG3IIsVMsX9b5/9jC98dRP8/yxlZdz7mHZbHk5zHr24wZZICS5AcXsFZAXYUQEg=="
  "resolved" "https://registry.npmmirror.com/@rollup/plugin-node-resolve/-/plugin-node-resolve-15.0.1.tgz"
  "version" "15.0.1"
  dependencies:
    "@rollup/pluginutils" "^5.0.1"
    "@types/resolve" "1.20.2"
    "deepmerge" "^4.2.2"
    "is-builtin-module" "^3.2.0"
    "is-module" "^1.0.0"
    "resolve" "^1.22.1"

"@rollup/plugin-replace@^5.0.1":
  "integrity" "sha512-Z3MfsJ4CK17BfGrZgvrcp/l6WXoKb0kokULO+zt/7bmcyayokDaQ2K3eDJcRLCTAlp5FPI4/gz9MHAsosz4Rag=="
  "resolved" "https://registry.npmmirror.com/@rollup/plugin-replace/-/plugin-replace-5.0.1.tgz"
  "version" "5.0.1"
  dependencies:
    "@rollup/pluginutils" "^5.0.1"
    "magic-string" "^0.26.4"

"@rollup/plugin-typescript@^8.4.0":
  "integrity" "sha512-QssfoOP6V4/6skX12EfOW5UzJAv/c334F4OJWmQpe2kg3agEa0JwVCckwmfuvEgDixyX+XyxjFenH7M2rDKUyQ=="
  "resolved" "https://registry.npmmirror.com/@rollup/plugin-typescript/-/plugin-typescript-8.4.0.tgz"
  "version" "8.4.0"
  dependencies:
    "@rollup/pluginutils" "^3.1.0"
    "resolve" "^1.17.0"

"@rollup/pluginutils@^3.1.0":
  "integrity" "sha512-GksZ6pr6TpIjHm8h9lSQ8pi8BE9VeubNT0OMJ3B5uZJ8pz73NPiqOtCog/x2/QzM1ENChPKxMDhiQuRHsqc+lg=="
  "resolved" "https://registry.npmmirror.com/@rollup/pluginutils/-/pluginutils-3.1.0.tgz"
  "version" "3.1.0"
  dependencies:
    "@types/estree" "0.0.39"
    "estree-walker" "^1.0.1"
    "picomatch" "^2.2.2"

"@rollup/pluginutils@^5.0.1":
  "integrity" "sha512-pTd9rIsP92h+B6wWwFbW8RkZv4hiR/xKsqre4SIuAOaOEQRxi0lqLke9k2/7WegC85GgUs9pjmOjCUi3In4vwA=="
  "resolved" "https://registry.npmmirror.com/@rollup/pluginutils/-/pluginutils-5.0.2.tgz"
  "version" "5.0.2"
  dependencies:
    "@types/estree" "^1.0.0"
    "estree-walker" "^2.0.2"
    "picomatch" "^2.3.1"

"@types/blazor__javascript-interop@^3.1.2":
  "integrity" "sha512-W9R+VZ8AFKoXBCCyccRLKrMmCVrridLShgGf4By+1xqfWFprERzqu0DinKn47P0q6x8G/3HCvgYRP2a/y8AjxA=="
  "resolved" "https://registry.npmmirror.com/@types/blazor__javascript-interop/-/blazor__javascript-interop-3.1.2.tgz"
  "version" "3.1.2"

"@types/echarts@^4.9.16":
  "integrity" "sha512-bfiagfPw3dWauAIJ9fgoJQoL4hLWlGcltqwbE6LGye0NIY5xnbZau+mDmadCzGojic3MWuFDCUiO25kl4sRGeA=="
  "resolved" "https://registry.npmmirror.com/@types/echarts/-/echarts-4.9.16.tgz"
  "version" "4.9.16"
  dependencies:
    "@types/zrender" "*"

"@types/estree@*", "@types/estree@^1.0.0":
  "integrity" "sha512-WulqXMDUTYAXCjZnk6JtIHPigp55cVtDgDrO2gHRwhyJto21+1zbVCtOYB2L1F9w4qCQ0rOGWBnBe0FNTiEJIQ=="
  "resolved" "https://registry.npmmirror.com/@types/estree/-/estree-1.0.0.tgz"
  "version" "1.0.0"

"@types/estree@0.0.39":
  "integrity" "sha512-EYNwp3bU+98cpU4lAWYYL7Zz+2gryWH1qbdDTidVd6hkiR6weksdbMadyXKXNPEkQFhXM+hVO9ZygomHXp+AIw=="
  "resolved" "https://registry.npmmirror.com/@types/estree/-/estree-0.0.39.tgz"
  "version" "0.0.39"

"@types/linkify-it@*":
  "integrity" "sha512-HZQYqbiFVWufzCwexrvh694SOim8z2d+xJl5UNamcvQFejLY/2YUtzXHYi3cHdI7PMlS8ejH2slRAOJQ32aNbA=="
  "resolved" "https://registry.npmmirror.com/@types/linkify-it/-/linkify-it-3.0.2.tgz"
  "version" "3.0.2"

"@types/markdown-it@*":
  "integrity" "sha512-GKMHFfv3458yYy+v/N8gjufHO6MSZKCOXpZc5GXIWWy8uldwfmPn98vp81gZ5f9SVw8YYBctgfJ22a2d7AOMeQ=="
  "resolved" "https://registry.npmmirror.com/@types/markdown-it/-/markdown-it-12.2.3.tgz"
  "version" "12.2.3"
  dependencies:
    "@types/linkify-it" "*"
    "@types/mdurl" "*"

"@types/mdurl@*":
  "integrity" "sha512-eC4U9MlIcu2q0KQmXszyn5Akca/0jrQmwDRgpAMJai7qBWq4amIQhZyNau4VYGtCeALvW1/NtjzJJ567aZxfKA=="
  "resolved" "https://registry.npmmirror.com/@types/mdurl/-/mdurl-1.0.2.tgz"
  "version" "1.0.2"

"@types/node@*", "@types/node@^18.7.14":
  "integrity" "sha512-6bbDaETVi8oyIARulOE9qF1/Qdi/23z6emrUh0fNJRUmjznqrixD4MpGDdgOFk5Xb0m2H6Xu42JGdvAxaJR/wA=="
  "resolved" "https://registry.npmmirror.com/@types/node/-/node-18.7.14.tgz"
  "version" "18.7.14"

"@types/resolve@1.20.2":
  "integrity" "sha512-60BCwRFOZCQhDncwQdxxeOEEkbc5dIMccYLwbxsS4TUNeVECQ/pBJ0j09mrHOl/JJvpRPGwO9SvE4nR2Nb/a4Q=="
  "resolved" "https://registry.npmmirror.com/@types/resolve/-/resolve-1.20.2.tgz"
  "version" "1.20.2"

"@types/zrender@*":
  "integrity" "sha512-EPI269lkHNsObwILJ1k1z7znLjKyePuWRy/XKK0shSGpBb9cIX307arcwJV4+2NeZj5wEjN06r4D8yFv7sI06g=="
  "resolved" "https://registry.npmmirror.com/@types/zrender/-/zrender-4.0.3.tgz"
  "version" "4.0.3"

"acorn@^8.5.0":
  "integrity" "sha512-QOxyigPVrpZ2GXT+PFyZTl6TtOFc5egxHIP9IlQ+RbupQuX4RkT/Bee4/kQuC02Xkzg84JcT7oLYtDIQxp+v7w=="
  "resolved" "https://registry.npmmirror.com/acorn/-/acorn-8.8.0.tgz"
  "version" "8.8.0"

"ansi-styles@^3.2.1":
  "integrity" "sha512-VT0ZI6kZRdTh8YyJw3SMbYm/u+NqfsAxEpWO0Pf9sq8/e94WxxOpPKx9FR1FlyCtOVDNOQ+8ntlqFxiRc+r5qA=="
  "resolved" "https://registry.npmmirror.com/ansi-styles/-/ansi-styles-3.2.1.tgz"
  "version" "3.2.1"
  dependencies:
    "color-convert" "^1.9.0"

"argparse@^2.0.1":
  "integrity" "sha512-8+9WqebbFzpX9OR+Wa6O29asIogeRMzcGtAINdpMHHyAg10f05aSFVBbcEqGf/PXw1EjAZ+q2/bEBg3DvurK3Q=="
  "resolved" "https://registry.npmmirror.com/argparse/-/argparse-2.0.1.tgz"
  "version" "2.0.1"

"balanced-match@^1.0.0":
  "integrity" "sha512-3oSeUO0TMV67hN1AmbXsK4yaqU7tjiHlbxRDZOpH0KW9+CeX4bRAaX0Anxt0tx2MrpRpWwQaPwIlISEJhYU5Pw=="
  "resolved" "https://registry.npmmirror.com/balanced-match/-/balanced-match-1.0.2.tgz"
  "version" "1.0.2"

"brace-expansion@^2.0.1":
  "integrity" "sha512-XnAIvQ8eM+kC6aULx6wuQiwVsnzsi9d3WxzV3FpWTGA19F621kwdbsAcFKXgKUHZWsy+mY6iL1sHTxWEFCytDA=="
  "resolved" "https://registry.npmmirror.com/brace-expansion/-/brace-expansion-2.0.1.tgz"
  "version" "2.0.1"
  dependencies:
    "balanced-match" "^1.0.0"

"buffer-from@^1.0.0":
  "integrity" "sha512-E+XQCRwSbaaiChtv6k6Dwgc+bx+Bs6vuKJHHl5kox/BaKbhiXzqQOwK4cO22yElGp2OCmjwVhT3HmxgyPGnJfQ=="
  "resolved" "https://registry.npmmirror.com/buffer-from/-/buffer-from-1.1.2.tgz"
  "version" "1.1.2"

"builtin-modules@^3.3.0":
  "integrity" "sha512-zhaCDicdLuWN5UbN5IMnFqNMhNfo919sH85y2/ea+5Yg9TsTkeZxpL+JLbp6cgYFS4sRLp3YV4S6yDuqVWHYOw=="
  "resolved" "https://registry.npmmirror.com/builtin-modules/-/builtin-modules-3.3.0.tgz"
  "version" "3.3.0"

"chalk@^2.0.0":
  "integrity" "sha512-Mti+f9lpJNcwF4tWV8/OrTTtF1gZi+f8FqlyAdouralcFWFQWF2+NgCHShjkCb+IFBLq9buZwE1xckQU4peSuQ=="
  "resolved" "https://registry.npmmirror.com/chalk/-/chalk-2.4.2.tgz"
  "version" "2.4.2"
  dependencies:
    "ansi-styles" "^3.2.1"
    "escape-string-regexp" "^1.0.5"
    "supports-color" "^5.3.0"

"color-convert@^1.9.0":
  "integrity" "sha512-QfAUtd+vFdAtFQcC8CCyYt1fYWxSqAiK2cSD6zDB8N3cpsEBAvRxp9zOGg6G/SHHJYAT88/az/IuDGALsNVbGg=="
  "resolved" "https://registry.npmmirror.com/color-convert/-/color-convert-1.9.3.tgz"
  "version" "1.9.3"
  dependencies:
    "color-name" "1.1.3"

"color-name@1.1.3":
  "integrity" "sha512-72fSenhMw2HZMTVHeCA9KCmpEIbzWiQsjN+BHcBbS9vr1mtt+vJjPdksIBNUmKAW8TFUDPJK5SUU3QhE9NEXDw=="
  "resolved" "https://registry.npmmirror.com/color-name/-/color-name-1.1.3.tgz"
  "version" "1.1.3"

"commander@^2.20.0":
  "integrity" "sha512-GpVkmM8vF2vQUkj2LvZmD35JxeJOLCwJ9cUkugyk2nuhbv3+mJvpLYYt+0+USMxE+oj+ey/lJEnhZw75x/OMcQ=="
  "resolved" "https://registry.npmmirror.com/commander/-/commander-2.20.3.tgz"
  "version" "2.20.3"

"commondir@^1.0.1":
  "integrity" "sha512-W9pAhw0ja1Edb5GVdIF1mjZw/ASI0AlShXM83UUGe2DVr5TdAPEA1OA8m/g8zWp9x6On7gqufY+FatDbC3MDQg=="
  "resolved" "https://registry.npmmirror.com/commondir/-/commondir-1.0.1.tgz"
  "version" "1.0.1"

"deepmerge@^4.2.2":
  "integrity" "sha512-FJ3UgI4gIl+PHZm53knsuSFpE+nESMr7M4v9QcgB7S63Kj/6WqMiFQJpBBYz1Pt+66bZpP3Q7Lye0Oo9MPKEdg=="
  "resolved" "https://registry.npmmirror.com/deepmerge/-/deepmerge-4.2.2.tgz"
  "version" "4.2.2"

"entities@~3.0.1":
  "integrity" "sha512-WiyBqoomrwMdFG1e0kqvASYfnlb0lp8M5o5Fw2OFq1hNZxxcNk8Ik0Xm7LxzBhuidnZB/UtBqVCgUz3kBOP51Q=="
  "resolved" "https://registry.npmmirror.com/entities/-/entities-3.0.1.tgz"
  "version" "3.0.1"

"escape-string-regexp@^1.0.5":
  "integrity" "sha512-vbRorB5FUQWvla16U8R/qgaFIya2qGzwDrNmCZuYKrbdSUMG6I1ZCGQRefkRVhuOkIGVne7BQ35DSfo1qvJqFg=="
  "resolved" "https://registry.npmmirror.com/escape-string-regexp/-/escape-string-regexp-1.0.5.tgz"
  "version" "1.0.5"

"estree-walker@^1.0.1":
  "integrity" "sha512-1fMXF3YP4pZZVozF8j/ZLfvnR8NSIljt56UhbZ5PeeDmmGHpgpdwQt7ITlGvYaQukCvuBRMLEiKiYC+oeIg4cg=="
  "resolved" "https://registry.npmmirror.com/estree-walker/-/estree-walker-1.0.1.tgz"
  "version" "1.0.1"

"estree-walker@^2.0.2":
  "integrity" "sha512-Rfkk/Mp/DL7JVje3u18FxFujQlTNR2q6QfMSMB7AvCBx91NGj/ba3kCfza0f6dVDbw7YlRf/nDrn7pQrCCyQ/w=="
  "resolved" "https://registry.npmmirror.com/estree-walker/-/estree-walker-2.0.2.tgz"
  "version" "2.0.2"

"fs.realpath@^1.0.0":
  "integrity" "sha512-OO0pH2lK6a0hZnAdau5ItzHPI6pUlvI7jMVnxUQRtw4owF2wk8lOSabtGDCTP4Ggrg2MbGnWO9X8K1t4+fGMDw=="
  "resolved" "https://registry.npmmirror.com/fs.realpath/-/fs.realpath-1.0.0.tgz"
  "version" "1.0.0"

"function-bind@^1.1.1":
  "integrity" "sha512-yIovAzMX49sF8Yl58fSCWJ5svSLuaibPxXQJFLmBObTuCr0Mf1KiPopGM9NiFjiYBCbfaa2Fh6breQ6ANVTI0A=="
  "resolved" "https://registry.npmmirror.com/function-bind/-/function-bind-1.1.1.tgz"
  "version" "1.1.1"

"glob@^8.0.3":
  "integrity" "sha512-ull455NHSHI/Y1FqGaaYFaLGkNMMJbavMrEGFXG/PGrg6y7sutWHUHrz6gy6WEBH6akM1M414dWKCNs+IhKdiQ=="
  "resolved" "https://registry.npmmirror.com/glob/-/glob-8.0.3.tgz"
  "version" "8.0.3"
  dependencies:
    "fs.realpath" "^1.0.0"
    "inflight" "^1.0.4"
    "inherits" "2"
    "minimatch" "^5.0.1"
    "once" "^1.3.0"

"gridstack@^7.2.1":
  "integrity" "sha512-9swEjbisKhtZlbmNiTCxOarp/9NWit5mLg6Z73sUhd4LKur5ZptMH16CUJu7HjMHxgI86FbQI5ZfMM/2TuMqdw=="
  "resolved" "https://registry.npmjs.org/gridstack/-/gridstack-7.2.2.tgz"
  "version" "7.2.2"

"has-flag@^3.0.0":
  "integrity" "sha512-sKJf1+ceQBr4SMkvQnBDNDtf4TXpVhVGateu0t918bl30FnbE2m4vNLX+VWe/dpjlb+HugGYzW7uQXH98HPEYw=="
  "resolved" "https://registry.npmmirror.com/has-flag/-/has-flag-3.0.0.tgz"
  "version" "3.0.0"

"has-flag@^4.0.0":
  "integrity" "sha512-EykJT/Q1KjTWctppgIAgfSO0tKVuZUjhgMr17kqTumMl6Afv3EISleU7qZUzoXDFTAHTDC4NOoG/ZxU3EvlMPQ=="
  "resolved" "https://registry.npmmirror.com/has-flag/-/has-flag-4.0.0.tgz"
  "version" "4.0.0"

"has@^1.0.3":
  "integrity" "sha512-f2dvO0VU6Oej7RkWJGrehjbzMAjFp5/VKPp5tTpWIV4JHHZK1/BxbFRtf/siA2SWTe09caDmVtYYzWEIbBS4zw=="
  "resolved" "https://registry.npmmirror.com/has/-/has-1.0.3.tgz"
  "version" "1.0.3"
  dependencies:
    "function-bind" "^1.1.1"

"inflight@^1.0.4":
  "integrity" "sha512-k92I/b08q4wvFscXCLvqfsHCrjrF7yiXsQuIVvVE7N82W3+aqpzuUdBbfhWcy/FZR3/4IgflMgKLOsvPDrGCJA=="
  "resolved" "https://registry.npmmirror.com/inflight/-/inflight-1.0.6.tgz"
  "version" "1.0.6"
  dependencies:
    "once" "^1.3.0"
    "wrappy" "1"

"inherits@2":
  "integrity" "sha512-k/vGaX4/Yla3WzyMCvTQOXYeIHvqOKtnqBduzTHpzpQZzAskKMhZ2K+EnBiSM9zGSoIFeMpXKxa4dYeZIQqewQ=="
  "resolved" "https://registry.npmmirror.com/inherits/-/inherits-2.0.4.tgz"
  "version" "2.0.4"

"is-builtin-module@^3.2.0":
  "integrity" "sha512-phDA4oSGt7vl1n5tJvTWooWWAsXLY+2xCnxNqvKhGEzujg+A43wPlPOyDg3C8XQHN+6k/JTQWJ/j0dQh/qr+Hw=="
  "resolved" "https://registry.npmmirror.com/is-builtin-module/-/is-builtin-module-3.2.0.tgz"
  "version" "3.2.0"
  dependencies:
    "builtin-modules" "^3.3.0"

"is-core-module@^2.9.0":
  "integrity" "sha512-Erxj2n/LDAZ7H8WNJXd9tw38GYM3dv8rk8Zcs+jJuxYTW7sozH+SS8NtrSjVL1/vpLvWi1hxy96IzjJ3EHTJJg=="
  "resolved" "https://registry.npmmirror.com/is-core-module/-/is-core-module-2.10.0.tgz"
  "version" "2.10.0"
  dependencies:
    "has" "^1.0.3"

"is-module@^1.0.0":
  "integrity" "sha512-51ypPSPCoTEIN9dy5Oy+h4pShgJmPCygKfyRCISBI+JoWT/2oJvK8QPxmwv7b/p239jXrm9M1mlQbyKJ5A152g=="
  "resolved" "https://registry.npmmirror.com/is-module/-/is-module-1.0.0.tgz"
  "version" "1.0.0"

"is-reference@1.2.1":
  "integrity" "sha512-U82MsXXiFIrjCK4otLT+o2NA2Cd2g5MLoOVXUZjIOhLurrRxpEXzI8O0KZHr3IjLvlAH1kTPYSuqer5T9ZVBKQ=="
  "resolved" "https://registry.npmmirror.com/is-reference/-/is-reference-1.2.1.tgz"
  "version" "1.2.1"
  dependencies:
    "@types/estree" "*"

"jest-worker@^26.2.1":
  "integrity" "sha512-KWYVV1c4i+jbMpaBC+U++4Va0cp8OisU185o73T1vo99hqi7w8tSJfUXYswwqqrjzwxa6KpRK54WhPvwf5w6PQ=="
  "resolved" "https://registry.npmmirror.com/jest-worker/-/jest-worker-26.6.2.tgz"
  "version" "26.6.2"
  dependencies:
    "@types/node" "*"
    "merge-stream" "^2.0.0"
    "supports-color" "^7.0.0"

"js-tokens@^4.0.0":
  "integrity" "sha512-RdJUflcE3cUzKiMqQgsCu06FPu9UdIJO0beYbPhHN4k6apgJtifcoCtT9bcxOpYBtpD2kCM6Sbzg4CausW/PKQ=="
  "resolved" "https://registry.npmmirror.com/js-tokens/-/js-tokens-4.0.0.tgz"
  "version" "4.0.0"

"linkify-it@^4.0.1":
  "integrity" "sha512-C7bfi1UZmoj8+PQx22XyeXCuBlokoyWQL5pWSP+EI6nzRylyThouddufc2c1NDIcP9k5agmN9fLpA7VNJfIiqw=="
  "resolved" "https://registry.npmmirror.com/linkify-it/-/linkify-it-4.0.1.tgz"
  "version" "4.0.1"
  dependencies:
    "uc.micro" "^1.0.1"

"lodash.kebabcase@^4.1.1":
  "integrity" "sha512-N8XRTIMMqqDgSy4VLKPnJ/+hpGZN+PHQiJnSenYqPaVV/NCqEogTnAdZLQiGKhxX+JCs8waWq2t1XHWKOmlY8g=="
  "resolved" "https://registry.npmmirror.com/lodash.kebabcase/-/lodash.kebabcase-4.1.1.tgz"
  "version" "4.1.1"

"magic-string@^0.26.4":
  "integrity" "sha512-hX9XH3ziStPoPhJxLq1syWuZMxbDvGNbVchfrdCtanC7D13888bMFow61x8axrx+GfHLtVeAx2kxL7tTGRl+Ow=="
  "resolved" "https://registry.npmmirror.com/magic-string/-/magic-string-0.26.7.tgz"
  "version" "0.26.7"
  dependencies:
    "sourcemap-codec" "^1.4.8"

"markdown-it-anchor@^8.6.5":
  "integrity" "sha512-PI1qEHHkTNWT+X6Ip9w+paonfIQ+QZP9sCeMYi47oqhH+EsW8CrJ8J7CzV19QVOj6il8ATGbK2nTECj22ZHGvQ=="
  "resolved" "https://registry.npmmirror.com/markdown-it-anchor/-/markdown-it-anchor-8.6.5.tgz"
  "version" "8.6.5"

"markdown-it-attrs@^4.1.4":
  "integrity" "sha512-53Zfv8PTb6rlVFDlD106xcZHKBSsRZKJ2IW/rTxEJBEVbVaoxaNsmRkG0HXfbHl2SK8kaxZ2QKqdthWy/QBwmA=="
  "resolved" "https://registry.npmmirror.com/markdown-it-attrs/-/markdown-it-attrs-4.1.4.tgz"
  "version" "4.1.4"

"markdown-it-container@^3.0.0":
  "integrity" "sha512-y6oKTq4BB9OQuY/KLfk/O3ysFhB3IMYoIWhGJEidXt1NQFocFK2sA2t0NYZAMyMShAGL6x5OPIbrmXPIqaN9rw=="
  "resolved" "https://registry.npmjs.org/markdown-it-container/-/markdown-it-container-3.0.0.tgz"
  "version" "3.0.0"

"markdown-it-front-matter@^0.2.3":
  "integrity" "sha512-s9+rcClLmZsZc3YL8Awjg/YO/VdphlE20LJ9Bx5a8RAFLI5a1vq6Mll8kOzG6w/wy8yhFLBupaa6Mfd60GATkA=="
  "resolved" "https://registry.npmmirror.com/markdown-it-front-matter/-/markdown-it-front-matter-0.2.3.tgz"
  "version" "0.2.3"

"markdown-it-header-sections@^1.0.0":
  "integrity" "sha512-GndZbs+iTo7NkNRf00VmT4mtFql7VoJNnSwB7hP5xkomGUTdQ78siVZIuRco4fbiWJd45JUemLxUS9vO8luPSA=="
  "resolved" "https://registry.npmmirror.com/markdown-it-header-sections/-/markdown-it-header-sections-1.0.0.tgz"
  "version" "1.0.0"

"markdown-it@*", "markdown-it@^13.0.1", "markdown-it@>= 9.0.0":
  "integrity" "sha512-lTlxriVoy2criHP0JKRhO2VDG9c2ypWCsT237eDiLqi09rmbKoUetyGHq2uOIRoRS//kfoJckS0eUzzkDR+k2Q=="
  "resolved" "https://registry.npmmirror.com/markdown-it/-/markdown-it-13.0.1.tgz"
  "version" "13.0.1"
  dependencies:
    "argparse" "^2.0.1"
    "entities" "~3.0.1"
    "linkify-it" "^4.0.1"
    "mdurl" "^1.0.1"
    "uc.micro" "^1.0.5"

"mdurl@^1.0.1":
  "integrity" "sha512-/sKlQJCBYVY9Ers9hqzKou4H6V5UWc/M59TH2dvkt+84itfnq7uFOMLpOiOS4ujvHP4etln18fmIxA5R5fll0g=="
  "resolved" "https://registry.npmmirror.com/mdurl/-/mdurl-1.0.1.tgz"
  "version" "1.0.1"

"merge-stream@^2.0.0":
  "integrity" "sha512-abv/qOcuPfk3URPfDzmZU1LKmuw8kT+0nIHvKrKgFrwifol/doWcdA4ZqsWQ8ENrFKkd67Mfpo/LovbIUsbt3w=="
  "resolved" "https://registry.npmmirror.com/merge-stream/-/merge-stream-2.0.0.tgz"
  "version" "2.0.0"

"minimatch@^5.0.1":
  "integrity" "sha512-9TPBGGak4nHfGZsPBohm9AWg6NoT7QTCehS3BIJABslyZbzxfV78QM2Y6+i741OPZIafFAaiiEMh5OyIrJPgtg=="
  "resolved" "https://registry.npmmirror.com/minimatch/-/minimatch-5.1.0.tgz"
  "version" "5.1.0"
  dependencies:
    "brace-expansion" "^2.0.1"

"once@^1.3.0":
  "integrity" "sha512-lNaJgI+2Q5URQBkccEKHTQOPaXdUxnZZElQTZY0MFUAuaEqe1E+Nyvgdz/aIyNi6Z9MzO5dv1H8n58/GELp3+w=="
  "resolved" "https://registry.npmmirror.com/once/-/once-1.4.0.tgz"
  "version" "1.4.0"
  dependencies:
    "wrappy" "1"

"path-parse@^1.0.7":
  "integrity" "sha512-LDJzPVEEEPR+y48z93A0Ed0yXb8pAByGWo/k5YYdYgpY2/2EsOsksJrq7lOHxryrVOn1ejG6oAp8ahvOIQD8sw=="
  "resolved" "https://registry.npmmirror.com/path-parse/-/path-parse-1.0.7.tgz"
  "version" "1.0.7"

"picomatch@^2.2.2", "picomatch@^2.3.1":
  "integrity" "sha512-JU3teHTNjmE2VCGFzuY8EXzCDVwEqB2a8fsIvwaStHhAWJEeVd1o1QD80CU6+ZdEXXSLbSsuLwJjkCBWqRQUVA=="
  "resolved" "https://registry.npmmirror.com/picomatch/-/picomatch-2.3.1.tgz"
  "version" "2.3.1"

"punycode@^2.1.1":
  "integrity" "sha512-XRsRjdf+j5ml+y/6GKHPZbrF/8p2Yga0JPtdqTIY2Xe5ohJPD9saDJJLPvp9+NSBprVvevdXZybnj2cv8OEd0A=="
  "resolved" "https://registry.npmmirror.com/punycode/-/punycode-2.1.1.tgz"
  "version" "2.1.1"

"randombytes@^2.1.0":
  "integrity" "sha512-vYl3iOX+4CKUWuxGi9Ukhie6fsqXqS9FE2Zaic4tNFD2N2QQaXOMFbuKK4QmDHC0JO6B1Zp41J0LpT0oR68amQ=="
  "resolved" "https://registry.npmmirror.com/randombytes/-/randombytes-2.1.0.tgz"
  "version" "2.1.0"
  dependencies:
    "safe-buffer" "^5.1.0"

"resolve@^1.17.0", "resolve@^1.22.1":
  "integrity" "sha512-nBpuuYuY5jFsli/JIs1oldw6fOQCBioohqWZg/2hiaOybXOft4lonv85uDOKXdf8rhyK159cxU5cDcK/NKk8zw=="
  "resolved" "https://registry.npmmirror.com/resolve/-/resolve-1.22.1.tgz"
  "version" "1.22.1"
  dependencies:
    "is-core-module" "^2.9.0"
    "path-parse" "^1.0.7"
    "supports-preserve-symlinks-flag" "^1.0.0"

"rollup-plugin-terser@^7.0.2":
  "integrity" "sha512-w3iIaU4OxcF52UUXiZNsNeuXIMDvFrr+ZXK6bFZ0Q60qyVfq4uLptoS4bbq3paG3x216eQllFZX7zt6TIImguQ=="
  "resolved" "https://registry.npmmirror.com/rollup-plugin-terser/-/rollup-plugin-terser-7.0.2.tgz"
  "version" "7.0.2"
  dependencies:
    "@babel/code-frame" "^7.10.4"
    "jest-worker" "^26.2.1"
    "serialize-javascript" "^4.0.0"
    "terser" "^5.0.0"

"rollup@^1.20.0||^2.0.0", "rollup@^1.20.0||^2.0.0||^3.0.0", "rollup@^2.0.0", "rollup@^2.14.0", "rollup@^2.68.0||^3.0.0", "rollup@^2.78.0||^3.0.0", "rollup@^2.79.0":
  "integrity" "sha512-x4KsrCgwQ7ZJPcFA/SUu6QVcYlO7uRLfLAy0DSA4NS2eG8japdbpM50ToH7z4iObodRYOJ0soneF0iaQRJ6zhA=="
  "resolved" "https://registry.npmmirror.com/rollup/-/rollup-2.79.0.tgz"
  "version" "2.79.0"
  optionalDependencies:
    "fsevents" "~2.3.2"

"safe-buffer@^5.1.0":
  "integrity" "sha512-rp3So07KcdmmKbGvgaNxQSJr7bGVSVk5S9Eq1F+ppbRo70+YeaDxkw5Dd8NPN+GD6bjnYm2VuPuCXmpuYvmCXQ=="
  "resolved" "https://registry.npmmirror.com/safe-buffer/-/safe-buffer-5.2.1.tgz"
  "version" "5.2.1"

"serialize-javascript@^4.0.0":
  "integrity" "sha512-GaNA54380uFefWghODBWEGisLZFj00nS5ACs6yHa9nLqlLpVLO8ChDGeKRjZnV4Nh4n0Qi7nhYZD/9fCPzEqkw=="
  "resolved" "https://registry.npmmirror.com/serialize-javascript/-/serialize-javascript-4.0.0.tgz"
  "version" "4.0.0"
  dependencies:
    "randombytes" "^2.1.0"

"source-map-support@~0.5.20":
  "integrity" "sha512-uBHU3L3czsIyYXKX88fdrGovxdSCoTGDRZ6SYXtSRxLZUzHg5P/66Ht6uoUlHu9EZod+inXhKo3qQgwXUT/y1w=="
  "resolved" "https://registry.npmmirror.com/source-map-support/-/source-map-support-0.5.21.tgz"
  "version" "0.5.21"
  dependencies:
    "buffer-from" "^1.0.0"
    "source-map" "^0.6.0"

"source-map@^0.6.0":
  "integrity" "sha512-UjgapumWlbMhkBgzT7Ykc5YXUT46F0iKu8SGXq0bcwP5dz/h0Plj6enJqjz1Zbq2l5WaqYnrVbwWOWMyF3F47g=="
  "resolved" "https://registry.npmmirror.com/source-map/-/source-map-0.6.1.tgz"
  "version" "0.6.1"

"sourcemap-codec@^1.4.8":
  "integrity" "sha512-9NykojV5Uih4lgo5So5dtw+f0JgJX30KCNI8gwhz2J9A15wD0Ml6tjHKwf6fTSa6fAdVBdZeNOs9eJ71qCk8vA=="
  "resolved" "https://registry.npmmirror.com/sourcemap-codec/-/sourcemap-codec-1.4.8.tgz"
  "version" "1.4.8"

"supports-color@^5.3.0":
  "integrity" "sha512-QjVjwdXIt408MIiAqCX4oUKsgU2EqAGzs2Ppkm4aQYbjm+ZEWEcW4SfFNTr4uMNZma0ey4f5lgLrkB0aX0QMow=="
  "resolved" "https://registry.npmmirror.com/supports-color/-/supports-color-5.5.0.tgz"
  "version" "5.5.0"
  dependencies:
    "has-flag" "^3.0.0"

"supports-color@^7.0.0":
  "integrity" "sha512-qpCAvRl9stuOHveKsn7HncJRvv501qIacKzQlO/+Lwxc9+0q2wLyv4Dfvt80/DPn2pqOBsJdDiogXGR9+OvwRw=="
  "resolved" "https://registry.npmmirror.com/supports-color/-/supports-color-7.2.0.tgz"
  "version" "7.2.0"
  dependencies:
    "has-flag" "^4.0.0"

"supports-preserve-symlinks-flag@^1.0.0":
  "integrity" "sha512-ot0WnXS9fgdkgIcePe6RHNk1WA8+muPa6cSjeR3V8K27q9BB1rTE3R1p7Hv0z1ZyAc8s6Vvv8DIyWf681MAt0w=="
  "resolved" "https://registry.npmmirror.com/supports-preserve-symlinks-flag/-/supports-preserve-symlinks-flag-1.0.0.tgz"
  "version" "1.0.0"

"terser@^5.0.0":
  "integrity" "sha512-L1BJiXVmheAQQy+as0oF3Pwtlo4s3Wi1X2zNZ2NxOB4wx9bdS9Vk67XQENLFdLYGCK/Z2di53mTj/hBafR+dTA=="
  "resolved" "https://registry.npmmirror.com/terser/-/terser-5.15.0.tgz"
  "version" "5.15.0"
  dependencies:
    "@jridgewell/source-map" "^0.3.2"
    "acorn" "^8.5.0"
    "commander" "^2.20.0"
    "source-map-support" "~0.5.20"

"tslib@*", "tslib@^2.4.0":
  "integrity" "sha512-d6xOpEDfsi2CZVlPQzGeux8XMwLT9hssAsaPYExaQMuYskwb+x1x7J371tWlbBdWHroy99KnVB6qIkUbs5X3UQ=="
  "resolved" "https://registry.npmmirror.com/tslib/-/tslib-2.4.0.tgz"
  "version" "2.4.0"

"typescript@^4.8.2", "typescript@>=3.7.0":
  "integrity" "sha512-C0I1UsrrDHo2fYI5oaCGbSejwX4ch+9Y5jTQELvovfmFkK3HHSZJB8MSJcWLmCUBzQBchCrZ9rMRV6GuNrvGtw=="
  "resolved" "https://registry.npmmirror.com/typescript/-/typescript-4.8.2.tgz"
  "version" "4.8.2"

"uc.micro@^1.0.1", "uc.micro@^1.0.5":
  "integrity" "sha512-8Y75pvTYkLJW2hWQHXxoqRgV7qb9B+9vFEtidML+7koHUFapnVJAZ6cKs+Qjz5Aw3aZWHMC6u0wJE3At+nSGwA=="
  "resolved" "https://registry.npmmirror.com/uc.micro/-/uc.micro-1.0.6.tgz"
  "version" "1.0.6"

"wrappy@1":
  "integrity" "sha512-l4Sp/DRseor9wL6EvV2+TuQn63dMkPjZ/sp9XkghTEbV9KlPS1xUsZ3u7/IQO4wxtcFB4bgpQPRcR3QCvezPcQ=="
  "resolved" "https://registry.npmmirror.com/wrappy/-/wrappy-1.0.2.tgz"
  "version" "1.0.2"
