
Microsoft Visual Studio Solution File, Format Version 12.00
# Visual Studio Version 16
VisualStudioVersion = 16.0.31025.218
MinimumVisualStudioVersion = 10.0.40219.1
Project("{2150E333-8FDC-42A3-9474-1A3956D46DE8}") = "1 - Test", "1 - Test", "{E2FCFCC9-03B4-4881-B272-B374A5CFB9C1}"
EndProject
Project("{2150E333-8FDC-42A3-9474-1A3956D46DE8}") = "2 - Component", "2 - Component", "{E5AF9CFB-D4B4-43F9-86DA-C9B84A1ECEC2}"
EndProject
Project("{9A19103F-16F7-4668-BE54-9A1E7A4F7556}") = "BlazorComponent", "Component\BlazorComponent\BlazorComponent.csproj", "{A81FAD5B-C1B2-498B-8A16-46DDDD1C5612}"
EndProject
Project("{2150E333-8FDC-42A3-9474-1A3956D46DE8}") = "3 - Docs", "3 - Docs", "{C001BD36-40F0-42AF-8E27-7A564153F56A}"
EndProject
Project("{FAE04EC0-301F-11D3-BF4B-00C04F79EFBC}") = "BlazorComponent.Doc.CLI", "Doc\BlazorComponent.Doc.CLI\BlazorComponent.Doc.CLI.csproj", "{383DE5D3-9934-44E0-B826-2E0DBA402F8A}"
EndProject
Project("{FAE04EC0-301F-11D3-BF4B-00C04F79EFBC}") = "BlazorComponent.Doc", "Doc\BlazorComponent.Doc\BlazorComponent.Doc.csproj", "{BAED7868-5E08-4ED5-A36F-7F29024CD374}"
EndProject
Project("{2150E333-8FDC-42A3-9474-1A3956D46DE8}") = "0 - Solution Items", "0 - Solution Items", "{8A8FC98B-13C5-4339-A342-82CE822C6B5E}"
	ProjectSection(SolutionItems) = preProject
		.editorconfig = .editorconfig
	EndProjectSection
EndProject
Global
	GlobalSection(SolutionConfigurationPlatforms) = preSolution
		Debug|Any CPU = Debug|Any CPU
		Release|Any CPU = Release|Any CPU
	EndGlobalSection
	GlobalSection(ProjectConfigurationPlatforms) = postSolution
		{A81FAD5B-C1B2-498B-8A16-46DDDD1C5612}.Debug|Any CPU.ActiveCfg = Debug|Any CPU
		{A81FAD5B-C1B2-498B-8A16-46DDDD1C5612}.Debug|Any CPU.Build.0 = Debug|Any CPU
		{A81FAD5B-C1B2-498B-8A16-46DDDD1C5612}.Release|Any CPU.ActiveCfg = Release|Any CPU
		{A81FAD5B-C1B2-498B-8A16-46DDDD1C5612}.Release|Any CPU.Build.0 = Release|Any CPU
		{383DE5D3-9934-44E0-B826-2E0DBA402F8A}.Debug|Any CPU.ActiveCfg = Debug|Any CPU
		{383DE5D3-9934-44E0-B826-2E0DBA402F8A}.Debug|Any CPU.Build.0 = Debug|Any CPU
		{383DE5D3-9934-44E0-B826-2E0DBA402F8A}.Release|Any CPU.ActiveCfg = Release|Any CPU
		{383DE5D3-9934-44E0-B826-2E0DBA402F8A}.Release|Any CPU.Build.0 = Release|Any CPU
		{BAED7868-5E08-4ED5-A36F-7F29024CD374}.Debug|Any CPU.ActiveCfg = Debug|Any CPU
		{BAED7868-5E08-4ED5-A36F-7F29024CD374}.Debug|Any CPU.Build.0 = Debug|Any CPU
		{BAED7868-5E08-4ED5-A36F-7F29024CD374}.Release|Any CPU.ActiveCfg = Release|Any CPU
		{BAED7868-5E08-4ED5-A36F-7F29024CD374}.Release|Any CPU.Build.0 = Release|Any CPU
	EndGlobalSection
	GlobalSection(SolutionProperties) = preSolution
		HideSolutionNode = FALSE
	EndGlobalSection
	GlobalSection(NestedProjects) = preSolution
		{A81FAD5B-C1B2-498B-8A16-46DDDD1C5612} = {E5AF9CFB-D4B4-43F9-86DA-C9B84A1ECEC2}
		{383DE5D3-9934-44E0-B826-2E0DBA402F8A} = {C001BD36-40F0-42AF-8E27-7A564153F56A}
		{BAED7868-5E08-4ED5-A36F-7F29024CD374} = {C001BD36-40F0-42AF-8E27-7A564153F56A}
	EndGlobalSection
	GlobalSection(ExtensibilityGlobals) = postSolution
		SolutionGuid = {828BAB6B-B5E2-4244-90AA-0644472A4D55}
	EndGlobalSection
EndGlobal
